// !$*UTF8*$!
{
	archiveVersion = 1;
	classes = {
	};
	objectVersion = 50;
	objects = {

/* Begin PBXBuildFile section */
		563110D2224A29FA0071EFD9 /* ATMainWindowController.m in Sources */ = {isa = PBXBuildFile; fileRef = 563110D0224A29FA0071EFD9 /* ATMainWindowController.m */; };
		563110D3224A29FA0071EFD9 /* ATMainWindowController.xib in Resources */ = {isa = PBXBuildFile; fileRef = 563110D1224A29FA0071EFD9 /* ATMainWindowController.xib */; };
		5631387D22492E7B000AFFFD /* AppDelegate.m in Sources */ = {isa = PBXBuildFile; fileRef = 5631387C22492E7B000AFFFD /* AppDelegate.m */; };
		5631388022492E7B000AFFFD /* MyAppTime.xcdatamodeld in Sources */ = {isa = PBXBuildFile; fileRef = 5631387E22492E7B000AFFFD /* MyAppTime.xcdatamodeld */; };
		5631388222492E7E000AFFFD /* Assets.xcassets in Resources */ = {isa = PBXBuildFile; fileRef = 5631388122492E7E000AFFFD /* Assets.xcassets */; };
		5631388522492E7E000AFFFD /* MainMenu.xib in Resources */ = {isa = PBXBuildFile; fileRef = 5631388322492E7E000AFFFD /* MainMenu.xib */; };
		5631388822492E7E000AFFFD /* main.m in Sources */ = {isa = PBXBuildFile; fileRef = 5631388722492E7E000AFFFD /* main.m */; };
		5631389222492FB2000AFFFD /* ATDataModel.m in Sources */ = {isa = PBXBuildFile; fileRef = 5631389122492FB2000AFFFD /* ATDataModel.m */; };
		56604B2B2297B089003BA43A /* ATAppTimeWindowController.m in Sources */ = {isa = PBXBuildFile; fileRef = 56604B292297B089003BA43A /* ATAppTimeWindowController.m */; };
		56604B2C2297B089003BA43A /* ATAppTimeWindowController.xib in Resources */ = {isa = PBXBuildFile; fileRef = 56604B2A2297B089003BA43A /* ATAppTimeWindowController.xib */; };
		56609E01224BD1F40065E4D7 /* ATBarChartView.m in Sources */ = {isa = PBXBuildFile; fileRef = 56609E00224BD1F40065E4D7 /* ATBarChartView.m */; };
		566D2768224C8E00007A05FA /* NSBezierPath+BezierPathQuartzUtilities.m in Sources */ = {isa = PBXBuildFile; fileRef = 566D2767224C8E00007A05FA /* NSBezierPath+BezierPathQuartzUtilities.m */; };
		56E585742296F2CD002A7069 /* ATTimeUnit.m in Sources */ = {isa = PBXBuildFile; fileRef = 56E585732296F2CD002A7069 /* ATTimeUnit.m */; };
		56E89D0E224A4EC4006D3931 /* AIRecordingData+CoreDataClass.m in Sources */ = {isa = PBXBuildFile; fileRef = 56E89D0C224A4EC4006D3931 /* AIRecordingData+CoreDataClass.m */; };
		56E89D0F224A4EC4006D3931 /* AIRecordingData+CoreDataProperties.m in Sources */ = {isa = PBXBuildFile; fileRef = 56E89D0D224A4EC4006D3931 /* AIRecordingData+CoreDataProperties.m */; };
/* End PBXBuildFile section */

/* Begin PBXFileReference section */
		563110CF224A29FA0071EFD9 /* ATMainWindowController.h */ = {isa = PBXFileReference; lastKnownFileType = sourcecode.c.h; path = ATMainWindowController.h; sourceTree = "<group>"; };
		563110D0224A29FA0071EFD9 /* ATMainWindowController.m */ = {isa = PBXFileReference; lastKnownFileType = sourcecode.c.objc; path = ATMainWindowController.m; sourceTree = "<group>"; };
		563110D1224A29FA0071EFD9 /* ATMainWindowController.xib */ = {isa = PBXFileReference; lastKnownFileType = file.xib; path = ATMainWindowController.xib; sourceTree = "<group>"; };
		5631387822492E7B000AFFFD /* MyAppTime.app */ = {isa = PBXFileReference; explicitFileType = wrapper.application; includeInIndex = 0; path = MyAppTime.app; sourceTree = BUILT_PRODUCTS_DIR; };
		5631387B22492E7B000AFFFD /* AppDelegate.h */ = {isa = PBXFileReference; lastKnownFileType = sourcecode.c.h; path = AppDelegate.h; sourceTree = "<group>"; };
		5631387C22492E7B000AFFFD /* AppDelegate.m */ = {isa = PBXFileReference; lastKnownFileType = sourcecode.c.objc; path = AppDelegate.m; sourceTree = "<group>"; };
		5631387F22492E7B000AFFFD /* MyAppTime.xcdatamodel */ = {isa = PBXFileReference; lastKnownFileType = wrapper.xcdatamodel; path = MyAppTime.xcdatamodel; sourceTree = "<group>"; };
		5631388122492E7E000AFFFD /* Assets.xcassets */ = {isa = PBXFileReference; lastKnownFileType = folder.assetcatalog; path = Assets.xcassets; sourceTree = "<group>"; };
		5631388422492E7E000AFFFD /* Base */ = {isa = PBXFileReference; lastKnownFileType = file.xib; name = Base; path = Base.lproj/MainMenu.xib; sourceTree = "<group>"; };
		5631388622492E7E000AFFFD /* Info.plist */ = {isa = PBXFileReference; lastKnownFileType = text.plist.xml; path = Info.plist; sourceTree = "<group>"; };
		5631388722492E7E000AFFFD /* main.m */ = {isa = PBXFileReference; lastKnownFileType = sourcecode.c.objc; path = main.m; sourceTree = "<group>"; };
		5631388922492E7E000AFFFD /* MyAppTime.entitlements */ = {isa = PBXFileReference; lastKnownFileType = text.plist.entitlements; path = MyAppTime.entitlements; sourceTree = "<group>"; };
		5631388F22492EA6000AFFFD /* README.md */ = {isa = PBXFileReference; lastKnownFileType = net.daringfireball.markdown; path = README.md; sourceTree = "<group>"; };
		5631389022492FB2000AFFFD /* ATDataModel.h */ = {isa = PBXFileReference; lastKnownFileType = sourcecode.c.h; path = ATDataModel.h; sourceTree = "<group>"; };
		5631389122492FB2000AFFFD /* ATDataModel.m */ = {isa = PBXFileReference; lastKnownFileType = sourcecode.c.objc; path = ATDataModel.m; sourceTree = "<group>"; };
		56604B282297B089003BA43A /* ATAppTimeWindowController.h */ = {isa = PBXFileReference; lastKnownFileType = sourcecode.c.h; path = ATAppTimeWindowController.h; sourceTree = "<group>"; };
		56604B292297B089003BA43A /* ATAppTimeWindowController.m */ = {isa = PBXFileReference; lastKnownFileType = sourcecode.c.objc; path = ATAppTimeWindowController.m; sourceTree = "<group>"; };
		56604B2A2297B089003BA43A /* ATAppTimeWindowController.xib */ = {isa = PBXFileReference; lastKnownFileType = file.xib; path = ATAppTimeWindowController.xib; sourceTree = "<group>"; };
		56609DFF224BD1F40065E4D7 /* ATBarChartView.h */ = {isa = PBXFileReference; lastKnownFileType = sourcecode.c.h; path = ATBarChartView.h; sourceTree = "<group>"; };
		56609E00224BD1F40065E4D7 /* ATBarChartView.m */ = {isa = PBXFileReference; lastKnownFileType = sourcecode.c.objc; path = ATBarChartView.m; sourceTree = "<group>"; };
		56609E03224BDADB0065E4D7 /* ATBarChartViewDelegate.h */ = {isa = PBXFileReference; lastKnownFileType = sourcecode.c.h; path = ATBarChartViewDelegate.h; sourceTree = "<group>"; };
		56609E04224BDB080065E4D7 /* ATBarChartViewDataSource.h */ = {isa = PBXFileReference; lastKnownFileType = sourcecode.c.h; path = ATBarChartViewDataSource.h; sourceTree = "<group>"; };
		566D2766224C8E00007A05FA /* NSBezierPath+BezierPathQuartzUtilities.h */ = {isa = PBXFileReference; lastKnownFileType = sourcecode.c.h; path = "NSBezierPath+BezierPathQuartzUtilities.h"; sourceTree = "<group>"; };
		566D2767224C8E00007A05FA /* NSBezierPath+BezierPathQuartzUtilities.m */ = {isa = PBXFileReference; lastKnownFileType = sourcecode.c.objc; path = "NSBezierPath+BezierPathQuartzUtilities.m"; sourceTree = "<group>"; };
		56CB693C2249ED6C002B697F /* zh-Hans */ = {isa = PBXFileReference; lastKnownFileType = text.plist.strings; name = "zh-Hans"; path = "zh-Hans.lproj/MainMenu.strings"; sourceTree = "<group>"; };
		56E585722296F2CD002A7069 /* ATTimeUnit.h */ = {isa = PBXFileReference; lastKnownFileType = sourcecode.c.h; path = ATTimeUnit.h; sourceTree = "<group>"; };
		56E585732296F2CD002A7069 /* ATTimeUnit.m */ = {isa = PBXFileReference; lastKnownFileType = sourcecode.c.objc; path = ATTimeUnit.m; sourceTree = "<group>"; };
		56E89D0A224A4EC4006D3931 /* AIRecordingData+CoreDataProperties.h */ = {isa = PBXFileReference; lastKnownFileType = sourcecode.c.h; path = "AIRecordingData+CoreDataProperties.h"; sourceTree = "<group>"; };
		56E89D0B224A4EC4006D3931 /* AIRecordingData+CoreDataClass.h */ = {isa = PBXFileReference; lastKnownFileType = sourcecode.c.h; path = "AIRecordingData+CoreDataClass.h"; sourceTree = "<group>"; };
		56E89D0C224A4EC4006D3931 /* AIRecordingData+CoreDataClass.m */ = {isa = PBXFileReference; lastKnownFileType = sourcecode.c.objc; path = "AIRecordingData+CoreDataClass.m"; sourceTree = "<group>"; };
		56E89D0D224A4EC4006D3931 /* AIRecordingData+CoreDataProperties.m */ = {isa = PBXFileReference; lastKnownFileType = sourcecode.c.objc; path = "AIRecordingData+CoreDataProperties.m"; sourceTree = "<group>"; };
/* End PBXFileReference section */

/* Begin PBXFrameworksBuildPhase section */
		5631387522492E7B000AFFFD /* Frameworks */ = {
			isa = PBXFrameworksBuildPhase;
			buildActionMask = 2147483647;
			files = (
			);
			runOnlyForDeploymentPostprocessing = 0;
		};
/* End PBXFrameworksBuildPhase section */

/* Begin PBXGroup section */
		5631386F22492E7B000AFFFD = {
			isa = PBXGroup;
			children = (
				5631388F22492EA6000AFFFD /* README.md */,
				5631387A22492E7B000AFFFD /* MyAppTime */,
				5631387922492E7B000AFFFD /* Products */,
			);
			sourceTree = "<group>";
		};
		5631387922492E7B000AFFFD /* Products */ = {
			isa = PBXGroup;
			children = (
				5631387822492E7B000AFFFD /* MyAppTime.app */,
			);
			name = Products;
			sourceTree = "<group>";
		};
		5631387A22492E7B000AFFFD /* MyAppTime */ = {
			isa = PBXGroup;
			children = (
				5631387B22492E7B000AFFFD /* AppDelegate.h */,
				5631387C22492E7B000AFFFD /* AppDelegate.m */,
				56E89D0A224A4EC4006D3931 /* AIRecordingData+CoreDataProperties.h */,
				56E89D0D224A4EC4006D3931 /* AIRecordingData+CoreDataProperties.m */,
				56E89D0B224A4EC4006D3931 /* AIRecordingData+CoreDataClass.h */,
				56E89D0C224A4EC4006D3931 /* AIRecordingData+CoreDataClass.m */,
				5631389022492FB2000AFFFD /* ATDataModel.h */,
				5631389122492FB2000AFFFD /* ATDataModel.m */,
				56E585722296F2CD002A7069 /* ATTimeUnit.h */,
				56E585732296F2CD002A7069 /* ATTimeUnit.m */,
				563110CF224A29FA0071EFD9 /* ATMainWindowController.h */,
				563110D0224A29FA0071EFD9 /* ATMainWindowController.m */,
				563110D1224A29FA0071EFD9 /* ATMainWindowController.xib */,
				56604B282297B089003BA43A /* ATAppTimeWindowController.h */,
				56604B292297B089003BA43A /* ATAppTimeWindowController.m */,
				56604B2A2297B089003BA43A /* ATAppTimeWindowController.xib */,
				56609E03224BDADB0065E4D7 /* ATBarChartViewDelegate.h */,
				56609E04224BDB080065E4D7 /* ATBarChartViewDataSource.h */,
				56609DFF224BD1F40065E4D7 /* ATBarChartView.h */,
				56609E00224BD1F40065E4D7 /* ATBarChartView.m */,
				566D2766224C8E00007A05FA /* NSBezierPath+BezierPathQuartzUtilities.h */,
				566D2767224C8E00007A05FA /* NSBezierPath+BezierPathQuartzUtilities.m */,
				5631388122492E7E000AFFFD /* Assets.xcassets */,
				5631388322492E7E000AFFFD /* MainMenu.xib */,
				5631388622492E7E000AFFFD /* Info.plist */,
				5631388722492E7E000AFFFD /* main.m */,
				5631388922492E7E000AFFFD /* MyAppTime.entitlements */,
				5631387E22492E7B000AFFFD /* MyAppTime.xcdatamodeld */,
			);
			path = MyAppTime;
			sourceTree = "<group>";
		};
/* End PBXGroup section */

/* Begin PBXNativeTarget section */
		5631387722492E7B000AFFFD /* MyAppTime */ = {
			isa = PBXNativeTarget;
			buildConfigurationList = 5631388C22492E7E000AFFFD /* Build configuration list for PBXNativeTarget "MyAppTime" */;
			buildPhases = (
				5631387422492E7B000AFFFD /* Sources */,
				5631387522492E7B000AFFFD /* Frameworks */,
				5631387622492E7B000AFFFD /* Resources */,
			);
			buildRules = (
			);
			dependencies = (
			);
			name = MyAppTime;
			productName = MyAppTime;
			productReference = 5631387822492E7B000AFFFD /* MyAppTime.app */;
			productType = "com.apple.product-type.application";
		};
/* End PBXNativeTarget section */

/* Begin PBXProject section */
		5631387022492E7B000AFFFD /* Project object */ = {
			isa = PBXProject;
			attributes = {
				LastUpgradeCheck = 1010;
				ORGANIZATIONNAME = "Evian张";
				TargetAttributes = {
					5631387722492E7B000AFFFD = {
						CreatedOnToolsVersion = 10.1;
						SystemCapabilities = {
							com.apple.Sandbox = {
								enabled = 0;
							};
						};
					};
				};
			};
			buildConfigurationList = 5631387322492E7B000AFFFD /* Build configuration list for PBXProject "MyAppTime" */;
			compatibilityVersion = "Xcode 9.3";
			developmentRegion = en;
			hasScannedForEncodings = 0;
			knownRegions = (
				en,
				Base,
				"zh-Hans",
			);
			mainGroup = 5631386F22492E7B000AFFFD;
			productRefGroup = 5631387922492E7B000AFFFD /* Products */;
			projectDirPath = "";
			projectRoot = "";
			targets = (
				5631387722492E7B000AFFFD /* MyAppTime */,
			);
		};
/* End PBXProject section */

/* Begin PBXResourcesBuildPhase section */
		5631387622492E7B000AFFFD /* Resources */ = {
			isa = PBXResourcesBuildPhase;
			buildActionMask = 2147483647;
			files = (
				5631388222492E7E000AFFFD /* Assets.xcassets in Resources */,
				563110D3224A29FA0071EFD9 /* ATMainWindowController.xib in Resources */,
				5631388522492E7E000AFFFD /* MainMenu.xib in Resources */,
				56604B2C2297B089003BA43A /* ATAppTimeWindowController.xib in Resources */,
			);
			runOnlyForDeploymentPostprocessing = 0;
		};
/* End PBXResourcesBuildPhase section */

/* Begin PBXSourcesBuildPhase section */
		5631387422492E7B000AFFFD /* Sources */ = {
			isa = PBXSourcesBuildPhase;
			buildActionMask = 2147483647;
			files = (
				566D2768224C8E00007A05FA /* NSBezierPath+BezierPathQuartzUtilities.m in Sources */,
				56E89D0F224A4EC4006D3931 /* AIRecordingData+CoreDataProperties.m in Sources */,
				5631389222492FB2000AFFFD /* ATDataModel.m in Sources */,
				563110D2224A29FA0071EFD9 /* ATMainWindowController.m in Sources */,
				5631388022492E7B000AFFFD /* MyAppTime.xcdatamodeld in Sources */,
				56E89D0E224A4EC4006D3931 /* AIRecordingData+CoreDataClass.m in Sources */,
				5631388822492E7E000AFFFD /* main.m in Sources */,
				56E585742296F2CD002A7069 /* ATTimeUnit.m in Sources */,
				5631387D22492E7B000AFFFD /* AppDelegate.m in Sources */,
				56609E01224BD1F40065E4D7 /* ATBarChartView.m in Sources */,
				56604B2B2297B089003BA43A /* ATAppTimeWindowController.m in Sources */,
			);
			runOnlyForDeploymentPostprocessing = 0;
		};
/* End PBXSourcesBuildPhase section */

/* Begin PBXVariantGroup section */
		5631388322492E7E000AFFFD /* MainMenu.xib */ = {
			isa = PBXVariantGroup;
			children = (
				5631388422492E7E000AFFFD /* Base */,
				56CB693C2249ED6C002B697F /* zh-Hans */,
			);
			name = MainMenu.xib;
			sourceTree = "<group>";
		};
/* End PBXVariantGroup section */

/* Begin XCBuildConfiguration section */
		5631388A22492E7E000AFFFD /* Debug */ = {
			isa = XCBuildConfiguration;
			buildSettings = {
				ALWAYS_SEARCH_USER_PATHS = NO;
				CLANG_ANALYZER_LOCALIZABILITY_NONLOCALIZED = YES;
				CLANG_ANALYZER_NONNULL = YES;
				CLANG_ANALYZER_NUMBER_OBJECT_CONVERSION = YES_AGGRESSIVE;
				CLANG_CXX_LANGUAGE_STANDARD = "gnu++14";
				CLANG_CXX_LIBRARY = "libc++";
				CLANG_ENABLE_MODULES = YES;
				CLANG_ENABLE_OBJC_ARC = YES;
				CLANG_ENABLE_OBJC_WEAK = YES;
				CLANG_WARN_BLOCK_CAPTURE_AUTORELEASING = YES;
				CLANG_WARN_BOOL_CONVERSION = YES;
				CLANG_WARN_COMMA = YES;
				CLANG_WARN_CONSTANT_CONVERSION = YES;
				CLANG_WARN_DEPRECATED_OBJC_IMPLEMENTATIONS = YES;
				CLANG_WARN_DIRECT_OBJC_ISA_USAGE = YES_ERROR;
				CLANG_WARN_DOCUMENTATION_COMMENTS = YES;
				CLANG_WARN_EMPTY_BODY = YES;
				CLANG_WARN_ENUM_CONVERSION = YES;
				CLANG_WARN_INFINITE_RECURSION = YES;
				CLANG_WARN_INT_CONVERSION = YES;
				CLANG_WARN_NON_LITERAL_NULL_CONVERSION = YES;
				CLANG_WARN_OBJC_IMPLICIT_RETAIN_SELF = YES;
				CLANG_WARN_OBJC_LITERAL_CONVERSION = YES;
				CLANG_WARN_OBJC_ROOT_CLASS = YES_ERROR;
				CLANG_WARN_RANGE_LOOP_ANALYSIS = YES;
				CLANG_WARN_STRICT_PROTOTYPES = YES;
				CLANG_WARN_SUSPICIOUS_MOVE = YES;
				CLANG_WARN_UNGUARDED_AVAILABILITY = YES_AGGRESSIVE;
				CLANG_WARN_UNREACHABLE_CODE = YES;
				CLANG_WARN__DUPLICATE_METHOD_MATCH = YES;
				CODE_SIGN_IDENTITY = "Mac Developer";
				COPY_PHASE_STRIP = NO;
				DEBUG_INFORMATION_FORMAT = dwarf;
				ENABLE_STRICT_OBJC_MSGSEND = YES;
				ENABLE_TESTABILITY = YES;
				GCC_C_LANGUAGE_STANDARD = gnu11;
				GCC_DYNAMIC_NO_PIC = NO;
				GCC_NO_COMMON_BLOCKS = YES;
				GCC_OPTIMIZATION_LEVEL = 0;
				GCC_PREPROCESSOR_DEFINITIONS = (
					"DEBUG=1",
					"$(inherited)",
				);
				GCC_WARN_64_TO_32_BIT_CONVERSION = YES;
				GCC_WARN_ABOUT_RETURN_TYPE = YES_ERROR;
				GCC_WARN_UNDECLARED_SELECTOR = YES;
				GCC_WARN_UNINITIALIZED_AUTOS = YES_AGGRESSIVE;
				GCC_WARN_UNUSED_FUNCTION = YES;
				GCC_WARN_UNUSED_VARIABLE = YES;
				MACOSX_DEPLOYMENT_TARGET = 10.14;
				MTL_ENABLE_DEBUG_INFO = INCLUDE_SOURCE;
				MTL_FAST_MATH = YES;
				ONLY_ACTIVE_ARCH = YES;
				SDKROOT = macosx;
			};
			name = Debug;
		};
		5631388B22492E7E000AFFFD /* Release */ = {
			isa = XCBuildConfiguration;
			buildSettings = {
				ALWAYS_SEARCH_USER_PATHS = NO;
				CLANG_ANALYZER_LOCALIZABILITY_NONLOCALIZED = YES;
				CLANG_ANALYZER_NONNULL = YES;
				CLANG_ANALYZER_NUMBER_OBJECT_CONVERSION = YES_AGGRESSIVE;
				CLANG_CXX_LANGUAGE_STANDARD = "gnu++14";
				CLANG_CXX_LIBRARY = "libc++";
				CLANG_ENABLE_MODULES = YES;
				CLANG_ENABLE_OBJC_ARC = YES;
				CLANG_ENABLE_OBJC_WEAK = YES;
				CLANG_WARN_BLOCK_CAPTURE_AUTORELEASING = YES;
				CLANG_WARN_BOOL_CONVERSION = YES;
				CLANG_WARN_COMMA = YES;
				CLANG_WARN_CONSTANT_CONVERSION = YES;
				CLANG_WARN_DEPRECATED_OBJC_IMPLEMENTATIONS = YES;
				CLANG_WARN_DIRECT_OBJC_ISA_USAGE = YES_ERROR;
				CLANG_WARN_DOCUMENTATION_COMMENTS = YES;
				CLANG_WARN_EMPTY_BODY = YES;
				CLANG_WARN_ENUM_CONVERSION = YES;
				CLANG_WARN_INFINITE_RECURSION = YES;
				CLANG_WARN_INT_CONVERSION = YES;
				CLANG_WARN_NON_LITERAL_NULL_CONVERSION = YES;
				CLANG_WARN_OBJC_IMPLICIT_RETAIN_SELF = YES;
				CLANG_WARN_OBJC_LITERAL_CONVERSION = YES;
				CLANG_WARN_OBJC_ROOT_CLASS = YES_ERROR;
				CLANG_WARN_RANGE_LOOP_ANALYSIS = YES;
				CLANG_WARN_STRICT_PROTOTYPES = YES;
				CLANG_WARN_SUSPICIOUS_MOVE = YES;
				CLANG_WARN_UNGUARDED_AVAILABILITY = YES_AGGRESSIVE;
				CLANG_WARN_UNREACHABLE_CODE = YES;
				CLANG_WARN__DUPLICATE_METHOD_MATCH = YES;
				CODE_SIGN_IDENTITY = "Mac Developer";
				COPY_PHASE_STRIP = NO;
				DEBUG_INFORMATION_FORMAT = "dwarf-with-dsym";
				ENABLE_NS_ASSERTIONS = NO;
				ENABLE_STRICT_OBJC_MSGSEND = YES;
				GCC_C_LANGUAGE_STANDARD = gnu11;
				GCC_NO_COMMON_BLOCKS = YES;
				GCC_WARN_64_TO_32_BIT_CONVERSION = YES;
				GCC_WARN_ABOUT_RETURN_TYPE = YES_ERROR;
				GCC_WARN_UNDECLARED_SELECTOR = YES;
				GCC_WARN_UNINITIALIZED_AUTOS = YES_AGGRESSIVE;
				GCC_WARN_UNUSED_FUNCTION = YES;
				GCC_WARN_UNUSED_VARIABLE = YES;
				MACOSX_DEPLOYMENT_TARGET = 10.14;
				MTL_ENABLE_DEBUG_INFO = NO;
				MTL_FAST_MATH = YES;
				SDKROOT = macosx;
			};
			name = Release;
		};
		5631388D22492E7E000AFFFD /* Debug */ = {
			isa = XCBuildConfiguration;
			buildSettings = {
				ASSETCATALOG_COMPILER_APPICON_NAME = AppIcon;
				CODE_SIGN_STYLE = Automatic;
				COMBINE_HIDPI_IMAGES = YES;
				DEVELOPMENT_TEAM = C9474Z9GXV;
				INFOPLIST_FILE = MyAppTime/Info.plist;
				LD_RUNPATH_SEARCH_PATHS = (
					"$(inherited)",
					"@executable_path/../Frameworks",
				);
				PRODUCT_BUNDLE_IDENTIFIER = com.zhang.evian.MyAppTime;
				PRODUCT_NAME = "$(TARGET_NAME)";
			};
			name = Debug;
		};
		5631388E22492E7E000AFFFD /* Release */ = {
			isa = XCBuildConfiguration;
			buildSettings = {
				ASSETCATALOG_COMPILER_APPICON_NAME = AppIcon;
				CODE_SIGN_STYLE = Automatic;
				COMBINE_HIDPI_IMAGES = YES;
				DEVELOPMENT_TEAM = C9474Z9GXV;
				INFOPLIST_FILE = MyAppTime/Info.plist;
				LD_RUNPATH_SEARCH_PATHS = (
					"$(inherited)",
					"@executable_path/../Frameworks",
				);
				PRODUCT_BUNDLE_IDENTIFIER = com.zhang.evian.MyAppTime;
				PRODUCT_NAME = "$(TARGET_NAME)";
			};
			name = Release;
		};
/* End XCBuildConfiguration section */

/* Begin XCConfigurationList section */
		5631387322492E7B000AFFFD /* Build configuration list for PBXProject "MyAppTime" */ = {
			isa = XCConfigurationList;
			buildConfigurations = (
				5631388A22492E7E000AFFFD /* Debug */,
				5631388B22492E7E000AFFFD /* Release */,
			);
			defaultConfigurationIsVisible = 0;
			defaultConfigurationName = Release;
		};
		5631388C22492E7E000AFFFD /* Build configuration list for PBXNativeTarget "MyAppTime" */ = {
			isa = XCConfigurationList;
			buildConfigurations = (
				5631388D22492E7E000AFFFD /* Debug */,
				5631388E22492E7E000AFFFD /* Release */,
			);
			defaultConfigurationIsVisible = 0;
			defaultConfigurationName = Release;
		};
/* End XCConfigurationList section */

/* Begin XCVersionGroup section */
		5631387E22492E7B000AFFFD /* MyAppTime.xcdatamodeld */ = {
			isa = XCVersionGroup;
			children = (
				5631387F22492E7B000AFFFD /* MyAppTime.xcdatamodel */,
			);
			currentVersion = 5631387F22492E7B000AFFFD /* MyAppTime.xcdatamodel */;
			path = MyAppTime.xcdatamodeld;
			sourceTree = "<group>";
			versionGroupType = wrapper.xcdatamodel;
		};
/* End XCVersionGroup section */
	};
	rootObject = 5631387022492E7B000AFFFD /* Project object */;
}
